
Microsoft Visual Studio Solution File, Format Version 11.00
# Visual Studio 2010
Project("{FAE04EC0-301F-11D3-BF4B-00C04F79EFBC}") = "Assembly-CSharp", "Assembly-CSharp.csproj", "{37561386-ecc6-4149-5780-2911db4b93df}"
EndProject
Project("{FAE04EC0-301F-11D3-BF4B-00C04F79EFBC}") = "Xlua.Core", "Xlua.Core.csproj", "{670b4b20-0d9d-fc9e-40c1-66da62ace743}"
EndProject
Project("{FAE04EC0-301F-11D3-BF4B-00C04F79EFBC}") = "Assembly-CSharp-Editor", "Assembly-CSharp-Editor.csproj", "{5b9a439b-516c-b7f3-414e-9a2526be9187}"
EndProject
Project("{FAE04EC0-301F-11D3-BF4B-00C04F79EFBC}") = "Xlua.Core.Editor", "Xlua.Core.Editor.csproj", "{80777371-443f-92f1-036a-365995a7246d}"
EndProject
Project("{FAE04EC0-301F-11D3-BF4B-00C04F79EFBC}") = "Assembly-CSharp-firstpass", "Assembly-CSharp-firstpass.csproj", "{67200ae6-783b-49a7-1d62-f1bfd93fc2ff}"
EndProject
Global
	GlobalSection(SolutionConfigurationPlatforms) = preSolution
		Debug|Any CPU = Debug|Any CPU
	EndGlobalSection
	GlobalSection(ProjectConfigurationPlatforms) = postSolution
		{37561386-ecc6-4149-5780-2911db4b93df}.Debug|Any CPU.ActiveCfg = Debug|Any CPU
		{37561386-ecc6-4149-5780-2911db4b93df}.Debug|Any CPU.Build.0 = Debug|Any CPU
		{670b4b20-0d9d-fc9e-40c1-66da62ace743}.Debug|Any CPU.ActiveCfg = Debug|Any CPU
		{670b4b20-0d9d-fc9e-40c1-66da62ace743}.Debug|Any CPU.Build.0 = Debug|Any CPU
		{5b9a439b-516c-b7f3-414e-9a2526be9187}.Debug|Any CPU.ActiveCfg = Debug|Any CPU
		{5b9a439b-516c-b7f3-414e-9a2526be9187}.Debug|Any CPU.Build.0 = Debug|Any CPU
		{80777371-443f-92f1-036a-365995a7246d}.Debug|Any CPU.ActiveCfg = Debug|Any CPU
		{80777371-443f-92f1-036a-365995a7246d}.Debug|Any CPU.Build.0 = Debug|Any CPU
		{67200ae6-783b-49a7-1d62-f1bfd93fc2ff}.Debug|Any CPU.ActiveCfg = Debug|Any CPU
		{67200ae6-783b-49a7-1d62-f1bfd93fc2ff}.Debug|Any CPU.Build.0 = Debug|Any CPU
	EndGlobalSection
	GlobalSection(SolutionProperties) = preSolution
		HideSolutionNode = FALSE
	EndGlobalSection
EndGlobal
